// !$*UTF8*$!
{
	archiveVersion = 1;
	classes = {
	};
	objectVersion = 55;
	objects = {

/* Begin PBXBuildFile section */
		AD68EF392722FB9400EAC25A /* CoinModel.swift in Sources */ = {isa = PBXBuildFile; fileRef = AD68EF382722FB9400EAC25A /* CoinModel.swift */; };
		AD68EF3B27230ED300EAC25A /* CoinRowView.swift in Sources */ = {isa = PBXBuildFile; fileRef = AD68EF3A27230ED300EAC25A /* CoinRowView.swift */; };
		AD68EF3D27230F3200EAC25A /* PreviewProvider.swift in Sources */ = {isa = PBXBuildFile; fileRef = AD68EF3C27230F3200EAC25A /* PreviewProvider.swift */; };
		AD68EF3F272312B600EAC25A /* Double.swift in Sources */ = {isa = PBXBuildFile; fileRef = AD68EF3E272312B600EAC25A /* Double.swift */; };
		AD68EF4127231BA800EAC25A /* HomeViewModel.swift in Sources */ = {isa = PBXBuildFile; fileRef = AD68EF4027231BA800EAC25A /* HomeViewModel.swift */; };
		AD68EF4427233A0500EAC25A /* CoinDataService.swift in Sources */ = {isa = PBXBuildFile; fileRef = AD68EF4327233A0500EAC25A /* CoinDataService.swift */; };
		AD992E822721F8A000699A1E /* CryptoApp.swift in Sources */ = {isa = PBXBuildFile; fileRef = AD992E812721F8A000699A1E /* CryptoApp.swift */; };
		AD992E842721F8A000699A1E /* ContentView.swift in Sources */ = {isa = PBXBuildFile; fileRef = AD992E832721F8A000699A1E /* ContentView.swift */; };
		AD992E892721F8A200699A1E /* Preview Assets.xcassets in Resources */ = {isa = PBXBuildFile; fileRef = AD992E882721F8A200699A1E /* Preview Assets.xcassets */; };
		AD992E902721F93D00699A1E /* Assets.xcassets in Resources */ = {isa = PBXBuildFile; fileRef = AD992E8F2721F93D00699A1E /* Assets.xcassets */; };
		AD992E932721F9CC00699A1E /* Color.swift in Sources */ = {isa = PBXBuildFile; fileRef = AD992E922721F9CC00699A1E /* Color.swift */; };
		AD992E992721FC0600699A1E /* HomeView.swift in Sources */ = {isa = PBXBuildFile; fileRef = AD992E982721FC0600699A1E /* HomeView.swift */; };
		AD992E9D2721FCFD00699A1E /* CircleButtonView.swift in Sources */ = {isa = PBXBuildFile; fileRef = AD992E9C2721FCFC00699A1E /* CircleButtonView.swift */; };
		AD992E9F27220DFF00699A1E /* CircleButtonAnimationView.swift.swift in Sources */ = {isa = PBXBuildFile; fileRef = AD992E9E27220DFF00699A1E /* CircleButtonAnimationView.swift.swift */; };
/* End PBXBuildFile section */

/* Begin PBXFileReference section */
		AD68EF382722FB9400EAC25A /* CoinModel.swift */ = {isa = PBXFileReference; lastKnownFileType = sourcecode.swift; path = CoinModel.swift; sourceTree = "<group>"; };
		AD68EF3A27230ED300EAC25A /* CoinRowView.swift */ = {isa = PBXFileReference; lastKnownFileType = sourcecode.swift; path = CoinRowView.swift; sourceTree = "<group>"; };
		AD68EF3C27230F3200EAC25A /* PreviewProvider.swift */ = {isa = PBXFileReference; lastKnownFileType = sourcecode.swift; path = PreviewProvider.swift; sourceTree = "<group>"; };
		AD68EF3E272312B600EAC25A /* Double.swift */ = {isa = PBXFileReference; lastKnownFileType = sourcecode.swift; path = Double.swift; sourceTree = "<group>"; };
		AD68EF4027231BA800EAC25A /* HomeViewModel.swift */ = {isa = PBXFileReference; lastKnownFileType = sourcecode.swift; path = HomeViewModel.swift; sourceTree = "<group>"; };
		AD68EF4327233A0500EAC25A /* CoinDataService.swift */ = {isa = PBXFileReference; lastKnownFileType = sourcecode.swift; path = CoinDataService.swift; sourceTree = "<group>"; };
		AD992E7E2721F8A000699A1E /* Crypto Tracker.app */ = {isa = PBXFileReference; explicitFileType = wrapper.application; includeInIndex = 0; path = "Crypto Tracker.app"; sourceTree = BUILT_PRODUCTS_DIR; };
		AD992E812721F8A000699A1E /* CryptoApp.swift */ = {isa = PBXFileReference; lastKnownFileType = sourcecode.swift; path = CryptoApp.swift; sourceTree = "<group>"; };
		AD992E832721F8A000699A1E /* ContentView.swift */ = {isa = PBXFileReference; lastKnownFileType = sourcecode.swift; path = ContentView.swift; sourceTree = "<group>"; };
		AD992E882721F8A200699A1E /* Preview Assets.xcassets */ = {isa = PBXFileReference; lastKnownFileType = folder.assetcatalog; path = "Preview Assets.xcassets"; sourceTree = "<group>"; };
		AD992E8F2721F93D00699A1E /* Assets.xcassets */ = {isa = PBXFileReference; lastKnownFileType = folder.assetcatalog; name = Assets.xcassets; path = ../../../../../../../../Volumes/ExtDrive/ExtDownloads/Resources/Assets.xcassets; sourceTree = "<group>"; };
		AD992E922721F9CC00699A1E /* Color.swift */ = {isa = PBXFileReference; lastKnownFileType = sourcecode.swift; path = Color.swift; sourceTree = "<group>"; };
		AD992E982721FC0600699A1E /* HomeView.swift */ = {isa = PBXFileReference; lastKnownFileType = sourcecode.swift; path = HomeView.swift; sourceTree = "<group>"; };
		AD992E9C2721FCFC00699A1E /* CircleButtonView.swift */ = {isa = PBXFileReference; lastKnownFileType = sourcecode.swift; path = CircleButtonView.swift; sourceTree = "<group>"; };
		AD992E9E27220DFF00699A1E /* CircleButtonAnimationView.swift.swift */ = {isa = PBXFileReference; lastKnownFileType = sourcecode.swift; path = CircleButtonAnimationView.swift.swift; sourceTree = "<group>"; };
/* End PBXFileReference section */

/* Begin PBXFrameworksBuildPhase section */
		AD992E7B2721F8A000699A1E /* Frameworks */ = {
			isa = PBXFrameworksBuildPhase;
			buildActionMask = 2147483647;
			files = (
			);
			runOnlyForDeploymentPostprocessing = 0;
		};
/* End PBXFrameworksBuildPhase section */

/* Begin PBXGroup section */
		AD68EF372722FB7000EAC25A /* Models */ = {
			isa = PBXGroup;
			children = (
				AD68EF382722FB9400EAC25A /* CoinModel.swift */,
			);
			path = Models;
			sourceTree = "<group>";
		};
		AD68EF42272339DE00EAC25A /* Services */ = {
			isa = PBXGroup;
			children = (
				AD68EF4327233A0500EAC25A /* CoinDataService.swift */,
			);
			path = Services;
			sourceTree = "<group>";
		};
		AD992E752721F8A000699A1E = {
			isa = PBXGroup;
			children = (
				AD992E802721F8A000699A1E /* Crypto */,
				AD992E7F2721F8A000699A1E /* Products */,
			);
			sourceTree = "<group>";
		};
		AD992E7F2721F8A000699A1E /* Products */ = {
			isa = PBXGroup;
			children = (
				AD992E7E2721F8A000699A1E /* Crypto Tracker.app */,
			);
			name = Products;
			sourceTree = "<group>";
		};
		AD992E802721F8A000699A1E /* Crypto */ = {
			isa = PBXGroup;
			children = (
				AD992E812721F8A000699A1E /* CryptoApp.swift */,
				AD992E912721F9B400699A1E /* Extensions */,
				AD68EF42272339DE00EAC25A /* Services */,
				AD68EF372722FB7000EAC25A /* Models */,
				AD992E942721FBD900699A1E /* Core */,
				AD992E832721F8A000699A1E /* ContentView.swift */,
				AD992E8F2721F93D00699A1E /* Assets.xcassets */,
				AD992E872721F8A200699A1E /* Preview Content */,
			);
			path = Crypto;
			sourceTree = "<group>";
		};
		AD992E872721F8A200699A1E /* Preview Content */ = {
			isa = PBXGroup;
			children = (
				AD992E882721F8A200699A1E /* Preview Assets.xcassets */,
			);
			path = "Preview Content";
			sourceTree = "<group>";
		};
		AD992E912721F9B400699A1E /* Extensions */ = {
			isa = PBXGroup;
			children = (
				AD992E922721F9CC00699A1E /* Color.swift */,
				AD68EF3C27230F3200EAC25A /* PreviewProvider.swift */,
				AD68EF3E272312B600EAC25A /* Double.swift */,
			);
			path = Extensions;
			sourceTree = "<group>";
		};
		AD992E942721FBD900699A1E /* Core */ = {
			isa = PBXGroup;
			children = (
				AD992E9A2721FCD800699A1E /* Components */,
				AD992E952721FBE700699A1E /* Home */,
			);
			path = Core;
			sourceTree = "<group>";
		};
		AD992E952721FBE700699A1E /* Home */ = {
			isa = PBXGroup;
			children = (
				AD992E972721FBF900699A1E /* ViewModels */,
				AD992E962721FBF400699A1E /* Views */,
			);
			path = Home;
			sourceTree = "<group>";
		};
		AD992E962721FBF400699A1E /* Views */ = {
			isa = PBXGroup;
			children = (
				AD992E982721FC0600699A1E /* HomeView.swift */,
				AD68EF3A27230ED300EAC25A /* CoinRowView.swift */,
			);
			path = Views;
			sourceTree = "<group>";
		};
		AD992E972721FBF900699A1E /* ViewModels */ = {
			isa = PBXGroup;
			children = (
				AD68EF4027231BA800EAC25A /* HomeViewModel.swift */,
			);
			path = ViewModels;
			sourceTree = "<group>";
		};
		AD992E9A2721FCD800699A1E /* Components */ = {
			isa = PBXGroup;
			children = (
				AD992E9B2721FCF100699A1E /* CircleButton */,
			);
			path = Components;
			sourceTree = "<group>";
		};
		AD992E9B2721FCF100699A1E /* CircleButton */ = {
			isa = PBXGroup;
			children = (
				AD992E9C2721FCFC00699A1E /* CircleButtonView.swift */,
				AD992E9E27220DFF00699A1E /* CircleButtonAnimationView.swift.swift */,
			);
			path = CircleButton;
			sourceTree = "<group>";
		};
/* End PBXGroup section */

/* Begin PBXNativeTarget section */
		AD992E7D2721F8A000699A1E /* Crypto */ = {
			isa = PBXNativeTarget;
			buildConfigurationList = AD992E8C2721F8A200699A1E /* Build configuration list for PBXNativeTarget "Crypto" */;
			buildPhases = (
				AD992E7A2721F8A000699A1E /* Sources */,
				AD992E7B2721F8A000699A1E /* Frameworks */,
				AD992E7C2721F8A000699A1E /* Resources */,
			);
			buildRules = (
			);
			dependencies = (
			);
			name = Crypto;
			productName = Crypto;
			productReference = AD992E7E2721F8A000699A1E /* Crypto Tracker.app */;
			productType = "com.apple.product-type.application";
		};
/* End PBXNativeTarget section */

/* Begin PBXProject section */
		AD992E762721F8A000699A1E /* Project object */ = {
			isa = PBXProject;
			attributes = {
				BuildIndependentTargetsInParallel = 1;
				LastSwiftUpdateCheck = 1300;
				LastUpgradeCheck = 1300;
				TargetAttributes = {
					AD992E7D2721F8A000699A1E = {
						CreatedOnToolsVersion = 13.0;
					};
				};
			};
			buildConfigurationList = AD992E792721F8A000699A1E /* Build configuration list for PBXProject "Crypto" */;
			compatibilityVersion = "Xcode 13.0";
			developmentRegion = en;
			hasScannedForEncodings = 0;
			knownRegions = (
				en,
				Base,
			);
			mainGroup = AD992E752721F8A000699A1E;
			productRefGroup = AD992E7F2721F8A000699A1E /* Products */;
			projectDirPath = "";
			projectRoot = "";
			targets = (
				AD992E7D2721F8A000699A1E /* Crypto */,
			);
		};
/* End PBXProject section */

/* Begin PBXResourcesBuildPhase section */
		AD992E7C2721F8A000699A1E /* Resources */ = {
			isa = PBXResourcesBuildPhase;
			buildActionMask = 2147483647;
			files = (
				AD992E892721F8A200699A1E /* Preview Assets.xcassets in Resources */,
				AD992E902721F93D00699A1E /* Assets.xcassets in Resources */,
			);
			runOnlyForDeploymentPostprocessing = 0;
		};
/* End PBXResourcesBuildPhase section */

/* Begin PBXSourcesBuildPhase section */
		AD992E7A2721F8A000699A1E /* Sources */ = {
			isa = PBXSourcesBuildPhase;
			buildActionMask = 2147483647;
			files = (
				AD68EF4427233A0500EAC25A /* CoinDataService.swift in Sources */,
				AD68EF3B27230ED300EAC25A /* CoinRowView.swift in Sources */,
				AD68EF4127231BA800EAC25A /* HomeViewModel.swift in Sources */,
				AD992E842721F8A000699A1E /* ContentView.swift in Sources */,
				AD992E992721FC0600699A1E /* HomeView.swift in Sources */,
				AD992E9F27220DFF00699A1E /* CircleButtonAnimationView.swift.swift in Sources */,
				AD992E822721F8A000699A1E /* CryptoApp.swift in Sources */,
				AD992E9D2721FCFD00699A1E /* CircleButtonView.swift in Sources */,
				AD992E932721F9CC00699A1E /* Color.swift in Sources */,
				AD68EF3D27230F3200EAC25A /* PreviewProvider.swift in Sources */,
				AD68EF3F272312B600EAC25A /* Double.swift in Sources */,
				AD68EF392722FB9400EAC25A /* CoinModel.swift in Sources */,
			);
			runOnlyForDeploymentPostprocessing = 0;
		};
/* End PBXSourcesBuildPhase section */

/* Begin XCBuildConfiguration section */
		AD992E8A2721F8A200699A1E /* Debug */ = {
			isa = XCBuildConfiguration;
			buildSettings = {
				ALWAYS_SEARCH_USER_PATHS = NO;
				CLANG_ANALYZER_NONNULL = YES;
				CLANG_ANALYZER_NUMBER_OBJECT_CONVERSION = YES_AGGRESSIVE;
				CLANG_CXX_LANGUAGE_STANDARD = "gnu++17";
				CLANG_CXX_LIBRARY = "libc++";
				CLANG_ENABLE_MODULES = YES;
				CLANG_ENABLE_OBJC_ARC = YES;
				CLANG_ENABLE_OBJC_WEAK = YES;
				CLANG_WARN_BLOCK_CAPTURE_AUTORELEASING = YES;
				CLANG_WARN_BOOL_CONVERSION = YES;
				CLANG_WARN_COMMA = YES;
				CLANG_WARN_CONSTANT_CONVERSION = YES;
				CLANG_WARN_DEPRECATED_OBJC_IMPLEMENTATIONS = YES;
				CLANG_WARN_DIRECT_OBJC_ISA_USAGE = YES_ERROR;
				CLANG_WARN_DOCUMENTATION_COMMENTS = YES;
				CLANG_WARN_EMPTY_BODY = YES;
				CLANG_WARN_ENUM_CONVERSION = YES;
				CLANG_WARN_INFINITE_RECURSION = YES;
				CLANG_WARN_INT_CONVERSION = YES;
				CLANG_WARN_NON_LITERAL_NULL_CONVERSION = YES;
				CLANG_WARN_OBJC_IMPLICIT_RETAIN_SELF = YES;
				CLANG_WARN_OBJC_LITERAL_CONVERSION = YES;
				CLANG_WARN_OBJC_ROOT_CLASS = YES_ERROR;
				CLANG_WARN_QUOTED_INCLUDE_IN_FRAMEWORK_HEADER = YES;
				CLANG_WARN_RANGE_LOOP_ANALYSIS = YES;
				CLANG_WARN_STRICT_PROTOTYPES = YES;
				CLANG_WARN_SUSPICIOUS_MOVE = YES;
				CLANG_WARN_UNGUARDED_AVAILABILITY = YES_AGGRESSIVE;
				CLANG_WARN_UNREACHABLE_CODE = YES;
				CLANG_WARN__DUPLICATE_METHOD_MATCH = YES;
				COPY_PHASE_STRIP = NO;
				DEBUG_INFORMATION_FORMAT = dwarf;
				ENABLE_STRICT_OBJC_MSGSEND = YES;
				ENABLE_TESTABILITY = YES;
				GCC_C_LANGUAGE_STANDARD = gnu11;
				GCC_DYNAMIC_NO_PIC = NO;
				GCC_NO_COMMON_BLOCKS = YES;
				GCC_OPTIMIZATION_LEVEL = 0;
				GCC_PREPROCESSOR_DEFINITIONS = (
					"DEBUG=1",
					"$(inherited)",
				);
				GCC_WARN_64_TO_32_BIT_CONVERSION = YES;
				GCC_WARN_ABOUT_RETURN_TYPE = YES_ERROR;
				GCC_WARN_UNDECLARED_SELECTOR = YES;
				GCC_WARN_UNINITIALIZED_AUTOS = YES_AGGRESSIVE;
				GCC_WARN_UNUSED_FUNCTION = YES;
				GCC_WARN_UNUSED_VARIABLE = YES;
				IPHONEOS_DEPLOYMENT_TARGET = 15.0;
				MTL_ENABLE_DEBUG_INFO = INCLUDE_SOURCE;
				MTL_FAST_MATH = YES;
				ONLY_ACTIVE_ARCH = YES;
				SDKROOT = iphoneos;
				SWIFT_ACTIVE_COMPILATION_CONDITIONS = DEBUG;
				SWIFT_OPTIMIZATION_LEVEL = "-Onone";
			};
			name = Debug;
		};
		AD992E8B2721F8A200699A1E /* Release */ = {
			isa = XCBuildConfiguration;
			buildSettings = {
				ALWAYS_SEARCH_USER_PATHS = NO;
				CLANG_ANALYZER_NONNULL = YES;
				CLANG_ANALYZER_NUMBER_OBJECT_CONVERSION = YES_AGGRESSIVE;
				CLANG_CXX_LANGUAGE_STANDARD = "gnu++17";
				CLANG_CXX_LIBRARY = "libc++";
				CLANG_ENABLE_MODULES = YES;
				CLANG_ENABLE_OBJC_ARC = YES;
				CLANG_ENABLE_OBJC_WEAK = YES;
				CLANG_WARN_BLOCK_CAPTURE_AUTORELEASING = YES;
				CLANG_WARN_BOOL_CONVERSION = YES;
				CLANG_WARN_COMMA = YES;
				CLANG_WARN_CONSTANT_CONVERSION = YES;
				CLANG_WARN_DEPRECATED_OBJC_IMPLEMENTATIONS = YES;
				CLANG_WARN_DIRECT_OBJC_ISA_USAGE = YES_ERROR;
				CLANG_WARN_DOCUMENTATION_COMMENTS = YES;
				CLANG_WARN_EMPTY_BODY = YES;
				CLANG_WARN_ENUM_CONVERSION = YES;
				CLANG_WARN_INFINITE_RECURSION = YES;
				CLANG_WARN_INT_CONVERSION = YES;
				CLANG_WARN_NON_LITERAL_NULL_CONVERSION = YES;
				CLANG_WARN_OBJC_IMPLICIT_RETAIN_SELF = YES;
				CLANG_WARN_OBJC_LITERAL_CONVERSION = YES;
				CLANG_WARN_OBJC_ROOT_CLASS = YES_ERROR;
				CLANG_WARN_QUOTED_INCLUDE_IN_FRAMEWORK_HEADER = YES;
				CLANG_WARN_RANGE_LOOP_ANALYSIS = YES;
				CLANG_WARN_STRICT_PROTOTYPES = YES;
				CLANG_WARN_SUSPICIOUS_MOVE = YES;
				CLANG_WARN_UNGUARDED_AVAILABILITY = YES_AGGRESSIVE;
				CLANG_WARN_UNREACHABLE_CODE = YES;
				CLANG_WARN__DUPLICATE_METHOD_MATCH = YES;
				COPY_PHASE_STRIP = NO;
				DEBUG_INFORMATION_FORMAT = "dwarf-with-dsym";
				ENABLE_NS_ASSERTIONS = NO;
				ENABLE_STRICT_OBJC_MSGSEND = YES;
				GCC_C_LANGUAGE_STANDARD = gnu11;
				GCC_NO_COMMON_BLOCKS = YES;
				GCC_WARN_64_TO_32_BIT_CONVERSION = YES;
				GCC_WARN_ABOUT_RETURN_TYPE = YES_ERROR;
				GCC_WARN_UNDECLARED_SELECTOR = YES;
				GCC_WARN_UNINITIALIZED_AUTOS = YES_AGGRESSIVE;
				GCC_WARN_UNUSED_FUNCTION = YES;
				GCC_WARN_UNUSED_VARIABLE = YES;
				IPHONEOS_DEPLOYMENT_TARGET = 15.0;
				MTL_ENABLE_DEBUG_INFO = NO;
				MTL_FAST_MATH = YES;
				SDKROOT = iphoneos;
				SWIFT_COMPILATION_MODE = wholemodule;
				SWIFT_OPTIMIZATION_LEVEL = "-O";
				VALIDATE_PRODUCT = YES;
			};
			name = Release;
		};
		AD992E8D2721F8A200699A1E /* Debug */ = {
			isa = XCBuildConfiguration;
			buildSettings = {
				ASSETCATALOG_COMPILER_APPICON_NAME = AppIcon;
				ASSETCATALOG_COMPILER_GLOBAL_ACCENT_COLOR_NAME = AccentColor;
				CODE_SIGN_STYLE = Automatic;
				CURRENT_PROJECT_VERSION = 1;
				DEVELOPMENT_ASSET_PATHS = "\"Crypto/Preview Content\"";
				DEVELOPMENT_TEAM = CF655ESNGC;
				ENABLE_PREVIEWS = YES;
				GENERATE_INFOPLIST_FILE = YES;
				INFOPLIST_KEY_UIApplicationSceneManifest_Generation = YES;
				INFOPLIST_KEY_UIApplicationSupportsIndirectInputEvents = YES;
				INFOPLIST_KEY_UILaunchScreen_Generation = YES;
				INFOPLIST_KEY_UISupportedInterfaceOrientations = UIInterfaceOrientationPortrait;
				INFOPLIST_KEY_UISupportedInterfaceOrientations_iPad = "UIInterfaceOrientationPortrait UIInterfaceOrientationPortraitUpsideDown UIInterfaceOrientationLandscapeLeft UIInterfaceOrientationLandscapeRight";
				INFOPLIST_KEY_UISupportedInterfaceOrientations_iPhone = "UIInterfaceOrientationPortrait UIInterfaceOrientationLandscapeLeft UIInterfaceOrientationLandscapeRight";
				IPHONEOS_DEPLOYMENT_TARGET = 14.0;
				LD_RUNPATH_SEARCH_PATHS = (
					"$(inherited)",
					"@executable_path/Frameworks",
				);
				MARKETING_VERSION = 1.0;
				PRODUCT_BUNDLE_IDENTIFIER = com.baralabs.Crypto;
				PRODUCT_NAME = "Crypto Tracker";
				SWIFT_EMIT_LOC_STRINGS = YES;
				SWIFT_VERSION = 5.0;
				TARGETED_DEVICE_FAMILY = "1,2";
			};
			name = Debug;
		};
		AD992E8E2721F8A200699A1E /* Release */ = {
			isa = XCBuildConfiguration;
			buildSettings = {
				ASSETCATALOG_COMPILER_APPICON_NAME = AppIcon;
				ASSETCATALOG_COMPILER_GLOBAL_ACCENT_COLOR_NAME = AccentColor;
				CODE_SIGN_STYLE = Automatic;
				CURRENT_PROJECT_VERSION = 1;
				DEVELOPMENT_ASSET_PATHS = "\"Crypto/Preview Content\"";
				DEVELOPMENT_TEAM = CF655ESNGC;
				ENABLE_PREVIEWS = YES;
				GENERATE_INFOPLIST_FILE = YES;
				INFOPLIST_KEY_UIApplicationSceneManifest_Generation = YES;
				INFOPLIST_KEY_UIApplicationSupportsIndirectInputEvents = YES;
				INFOPLIST_KEY_UILaunchScreen_Generation = YES;
				INFOPLIST_KEY_UISupportedInterfaceOrientations = UIInterfaceOrientationPortrait;
				INFOPLIST_KEY_UISupportedInterfaceOrientations_iPad = "UIInterfaceOrientationPortrait UIInterfaceOrientationPortraitUpsideDown UIInterfaceOrientationLandscapeLeft UIInterfaceOrientationLandscapeRight";
				INFOPLIST_KEY_UISupportedInterfaceOrientations_iPhone = "UIInterfaceOrientationPortrait UIInterfaceOrientationLandscapeLeft UIInterfaceOrientationLandscapeRight";
				IPHONEOS_DEPLOYMENT_TARGET = 14.0;
				LD_RUNPATH_SEARCH_PATHS = (
					"$(inherited)",
					"@executable_path/Frameworks",
				);
				MARKETING_VERSION = 1.0;
				PRODUCT_BUNDLE_IDENTIFIER = com.baralabs.Crypto;
				PRODUCT_NAME = "Crypto Tracker";
				SWIFT_EMIT_LOC_STRINGS = YES;
				SWIFT_VERSION = 5.0;
				TARGETED_DEVICE_FAMILY = "1,2";
			};
			name = Release;
		};
/* End XCBuildConfiguration section */

/* Begin XCConfigurationList section */
		AD992E792721F8A000699A1E /* Build configuration list for PBXProject "Crypto" */ = {
			isa = XCConfigurationList;
			buildConfigurations = (
				AD992E8A2721F8A200699A1E /* Debug */,
				AD992E8B2721F8A200699A1E /* Release */,
			);
			defaultConfigurationIsVisible = 0;
			defaultConfigurationName = Release;
		};
		AD992E8C2721F8A200699A1E /* Build configuration list for PBXNativeTarget "Crypto" */ = {
			isa = XCConfigurationList;
			buildConfigurations = (
				AD992E8D2721F8A200699A1E /* Debug */,
				AD992E8E2721F8A200699A1E /* Release */,
			);
			defaultConfigurationIsVisible = 0;
			defaultConfigurationName = Release;
		};
/* End XCConfigurationList section */
	};
	rootObject = AD992E762721F8A000699A1E /* Project object */;
}
